
Microsoft Visual Studio Solution File, Format Version 12.00
# Visual Studio 14
VisualStudioVersion = 14.0.23107.0
MinimumVisualStudioVersion = 10.0.40219.1
Project("{FAE04EC0-301F-11D3-BF4B-00C04F79EFBC}") = "Kode.CMDTest", "YamahaTest\Kode.CMDTest.csproj", "{ECB944C3-DFE8-40B1-9BE6-88EDBC4F303A}"
EndProject
Project("{FAE04EC0-301F-11D3-BF4B-00C04F79EFBC}") = "Kode.YamahaClient", "YamahaSoap\Kode.YamahaClient.csproj", "{B9D0DD96-739D-47BC-95F2-D4722EB9E2ED}"
EndProject
Project("{FAE04EC0-301F-11D3-BF4B-00C04F79EFBC}") = "Kode.KodiClient", "KodiClient\Kode.KodiClient.csproj", "{1727CD62-8CEB-4264-897D-4604B5713C65}"
EndProject
Project("{FAE04EC0-301F-11D3-BF4B-00C04F79EFBC}") = "Kode.WF", "Kode.WF\Kode.WF.csproj", "{E8526188-CFBD-4995-8B65-D10217EEAA6F}"
EndProject
Project("{FAE04EC0-301F-11D3-BF4B-00C04F79EFBC}") = "Kode.Interface", "Interfaces\Kode.Interface.csproj", "{DF1C6CEC-5DAF-4753-A01E-7A66038E1A59}"
EndProject
Project("{FAE04EC0-301F-11D3-BF4B-00C04F79EFBC}") = "Kode.Config", "ConfigEditor\Kode.Config.csproj", "{EA8EBB7E-D76B-405F-B0B8-F83F5A93755B}"
EndProject
Project("{FAE04EC0-301F-11D3-BF4B-00C04F79EFBC}") = "Kode.Resource", "Kode.Resource\Kode.Resource.csproj", "{98396998-2712-4861-9A91-7C1D8FDDA29D}"
EndProject
Global
	GlobalSection(SolutionConfigurationPlatforms) = preSolution
		Debug|Any CPU = Debug|Any CPU
		Release|Any CPU = Release|Any CPU
	EndGlobalSection
	GlobalSection(ProjectConfigurationPlatforms) = postSolution
		{ECB944C3-DFE8-40B1-9BE6-88EDBC4F303A}.Debug|Any CPU.ActiveCfg = Debug|Any CPU
		{ECB944C3-DFE8-40B1-9BE6-88EDBC4F303A}.Debug|Any CPU.Build.0 = Debug|Any CPU
		{ECB944C3-DFE8-40B1-9BE6-88EDBC4F303A}.Release|Any CPU.ActiveCfg = Release|Any CPU
		{ECB944C3-DFE8-40B1-9BE6-88EDBC4F303A}.Release|Any CPU.Build.0 = Release|Any CPU
		{B9D0DD96-739D-47BC-95F2-D4722EB9E2ED}.Debug|Any CPU.ActiveCfg = Debug|Any CPU
		{B9D0DD96-739D-47BC-95F2-D4722EB9E2ED}.Debug|Any CPU.Build.0 = Debug|Any CPU
		{B9D0DD96-739D-47BC-95F2-D4722EB9E2ED}.Release|Any CPU.ActiveCfg = Release|Any CPU
		{B9D0DD96-739D-47BC-95F2-D4722EB9E2ED}.Release|Any CPU.Build.0 = Release|Any CPU
		{1727CD62-8CEB-4264-897D-4604B5713C65}.Debug|Any CPU.ActiveCfg = Debug|Any CPU
		{1727CD62-8CEB-4264-897D-4604B5713C65}.Debug|Any CPU.Build.0 = Debug|Any CPU
		{1727CD62-8CEB-4264-897D-4604B5713C65}.Release|Any CPU.ActiveCfg = Release|Any CPU
		{1727CD62-8CEB-4264-897D-4604B5713C65}.Release|Any CPU.Build.0 = Release|Any CPU
		{E8526188-CFBD-4995-8B65-D10217EEAA6F}.Debug|Any CPU.ActiveCfg = Debug|Any CPU
		{E8526188-CFBD-4995-8B65-D10217EEAA6F}.Debug|Any CPU.Build.0 = Debug|Any CPU
		{E8526188-CFBD-4995-8B65-D10217EEAA6F}.Release|Any CPU.ActiveCfg = Release|Any CPU
		{E8526188-CFBD-4995-8B65-D10217EEAA6F}.Release|Any CPU.Build.0 = Release|Any CPU
		{DF1C6CEC-5DAF-4753-A01E-7A66038E1A59}.Debug|Any CPU.ActiveCfg = Debug|Any CPU
		{DF1C6CEC-5DAF-4753-A01E-7A66038E1A59}.Debug|Any CPU.Build.0 = Debug|Any CPU
		{DF1C6CEC-5DAF-4753-A01E-7A66038E1A59}.Release|Any CPU.ActiveCfg = Release|Any CPU
		{DF1C6CEC-5DAF-4753-A01E-7A66038E1A59}.Release|Any CPU.Build.0 = Release|Any CPU
		{EA8EBB7E-D76B-405F-B0B8-F83F5A93755B}.Debug|Any CPU.ActiveCfg = Debug|Any CPU
		{EA8EBB7E-D76B-405F-B0B8-F83F5A93755B}.Debug|Any CPU.Build.0 = Debug|Any CPU
		{EA8EBB7E-D76B-405F-B0B8-F83F5A93755B}.Release|Any CPU.ActiveCfg = Release|Any CPU
		{EA8EBB7E-D76B-405F-B0B8-F83F5A93755B}.Release|Any CPU.Build.0 = Release|Any CPU
		{98396998-2712-4861-9A91-7C1D8FDDA29D}.Debug|Any CPU.ActiveCfg = Debug|Any CPU
		{98396998-2712-4861-9A91-7C1D8FDDA29D}.Debug|Any CPU.Build.0 = Debug|Any CPU
		{98396998-2712-4861-9A91-7C1D8FDDA29D}.Release|Any CPU.ActiveCfg = Release|Any CPU
		{98396998-2712-4861-9A91-7C1D8FDDA29D}.Release|Any CPU.Build.0 = Release|Any CPU
	EndGlobalSection
	GlobalSection(SolutionProperties) = preSolution
		HideSolutionNode = FALSE
	EndGlobalSection
EndGlobal
